
Microsoft Visual Studio Solution File, Format Version 12.00
# Visual Studio Version 16
VisualStudioVersion = 16.0.30413.136
MinimumVisualStudioVersion = 10.0.40219.1
Project("{2150E333-8FDC-42A3-9474-1A3956D46DE8}") = "Data", "Data", "{46411351-F14D-4020-9D6C-9CA3917D9BA0}"
EndProject
Project("{9A19103F-16F7-4668-BE54-9A1E7A4F7556}") = "Message.Data.Domain", "Message.Data.Domain\Message.Data.Domain.csproj", "{60417095-3C74-4054-B517-AF0DD1D9C257}"
EndProject
Project("{9A19103F-16F7-4668-BE54-9A1E7A4F7556}") = "Message.Data.DAL", "Message.Data.DAL\Message.Data.DAL.csproj", "{845362C6-04A7-4986-AC98-30CC4F732C81}"
EndProject
Project("{2150E333-8FDC-42A3-9474-1A3956D46DE8}") = "Clients", "Clients", "{45625333-A6B7-48AF-8F8E-D21C47F482E1}"
EndProject
Project("{9A19103F-16F7-4668-BE54-9A1E7A4F7556}") = "Message.Api", "Message.Api\Message.Api.csproj", "{D3CDD601-0DC8-4D5C-83E7-5573816B7BD3}"
EndProject
Project("{FAE04EC0-301F-11D3-BF4B-00C04F79EFBC}") = "Message.Admin", "Message.Admin\Message.Admin.csproj", "{333BEE57-3E66-43A9-9073-8A015BCB16C3}"
EndProject
Global
	GlobalSection(SolutionConfigurationPlatforms) = preSolution
		Debug|Any CPU = Debug|Any CPU
		Release|Any CPU = Release|Any CPU
	EndGlobalSection
	GlobalSection(ProjectConfigurationPlatforms) = postSolution
		{60417095-3C74-4054-B517-AF0DD1D9C257}.Debug|Any CPU.ActiveCfg = Debug|Any CPU
		{60417095-3C74-4054-B517-AF0DD1D9C257}.Debug|Any CPU.Build.0 = Debug|Any CPU
		{60417095-3C74-4054-B517-AF0DD1D9C257}.Release|Any CPU.ActiveCfg = Release|Any CPU
		{60417095-3C74-4054-B517-AF0DD1D9C257}.Release|Any CPU.Build.0 = Release|Any CPU
		{845362C6-04A7-4986-AC98-30CC4F732C81}.Debug|Any CPU.ActiveCfg = Debug|Any CPU
		{845362C6-04A7-4986-AC98-30CC4F732C81}.Debug|Any CPU.Build.0 = Debug|Any CPU
		{845362C6-04A7-4986-AC98-30CC4F732C81}.Release|Any CPU.ActiveCfg = Release|Any CPU
		{845362C6-04A7-4986-AC98-30CC4F732C81}.Release|Any CPU.Build.0 = Release|Any CPU
		{D3CDD601-0DC8-4D5C-83E7-5573816B7BD3}.Debug|Any CPU.ActiveCfg = Debug|Any CPU
		{D3CDD601-0DC8-4D5C-83E7-5573816B7BD3}.Debug|Any CPU.Build.0 = Debug|Any CPU
		{D3CDD601-0DC8-4D5C-83E7-5573816B7BD3}.Release|Any CPU.ActiveCfg = Release|Any CPU
		{D3CDD601-0DC8-4D5C-83E7-5573816B7BD3}.Release|Any CPU.Build.0 = Release|Any CPU
		{333BEE57-3E66-43A9-9073-8A015BCB16C3}.Debug|Any CPU.ActiveCfg = Debug|Any CPU
		{333BEE57-3E66-43A9-9073-8A015BCB16C3}.Debug|Any CPU.Build.0 = Debug|Any CPU
		{333BEE57-3E66-43A9-9073-8A015BCB16C3}.Release|Any CPU.ActiveCfg = Release|Any CPU
		{333BEE57-3E66-43A9-9073-8A015BCB16C3}.Release|Any CPU.Build.0 = Release|Any CPU
	EndGlobalSection
	GlobalSection(SolutionProperties) = preSolution
		HideSolutionNode = FALSE
	EndGlobalSection
	GlobalSection(NestedProjects) = preSolution
		{60417095-3C74-4054-B517-AF0DD1D9C257} = {46411351-F14D-4020-9D6C-9CA3917D9BA0}
		{845362C6-04A7-4986-AC98-30CC4F732C81} = {46411351-F14D-4020-9D6C-9CA3917D9BA0}
		{D3CDD601-0DC8-4D5C-83E7-5573816B7BD3} = {45625333-A6B7-48AF-8F8E-D21C47F482E1}
		{333BEE57-3E66-43A9-9073-8A015BCB16C3} = {45625333-A6B7-48AF-8F8E-D21C47F482E1}
	EndGlobalSection
	GlobalSection(ExtensibilityGlobals) = postSolution
		SolutionGuid = {64B8A248-99F5-434E-A12C-0D431588D45D}
	EndGlobalSection
EndGlobal
